
Microsoft Visual Studio Solution File, Format Version 12.00
# Visual Studio 15
Project("{FAE04EC0-301F-11D3-BF4B-00C04F79EFBC}") = "Assembly-CSharp", "Assembly-CSharp.csproj", "{15023427-1453-E594-A7A9-0D84C783E32F}"
EndProject
Global
	GlobalSection(SolutionConfigurationPlatforms) = preSolution
		Debug|Any CPU = Debug|Any CPU
		Release|Any CPU = Release|Any CPU
	EndGlobalSection
	GlobalSection(ProjectConfigurationPlatforms) = postSolution
		{15023427-1453-E594-A7A9-0D84C783E32F}.Debug|Any CPU.ActiveCfg = Debug|Any CPU
		{15023427-1453-E594-A7A9-0D84C783E32F}.Debug|Any CPU.Build.0 = Debug|Any CPU
		{15023427-1453-E594-A7A9-0D84C783E32F}.Release|Any CPU.ActiveCfg = Release|Any CPU
		{15023427-1453-E594-A7A9-0D84C783E32F}.Release|Any CPU.Build.0 = Release|Any CPU
	EndGlobalSection
	GlobalSection(SolutionProperties) = preSolution
		HideSolutionNode = FALSE
	EndGlobalSection
EndGlobal
